// !$*UTF8*$!
{
	archiveVersion = 1;
	classes = {
	};
	objectVersion = 50;
	objects = {

/* Begin PBXBuildFile section */
		113CB730212B5FCE007480D4 /* MenuCell.swift in Sources */ = {isa = PBXBuildFile; fileRef = 113CB72F212B5FCE007480D4 /* MenuCell.swift */; };
		113CB732212BB429007480D4 /* CoinModel.swift in Sources */ = {isa = PBXBuildFile; fileRef = 113CB731212BB429007480D4 /* CoinModel.swift */; };
		113CB741212E58C2007480D4 /* SettingsLauncher.swift in Sources */ = {isa = PBXBuildFile; fileRef = 113CB740212E58C2007480D4 /* SettingsLauncher.swift */; };
		113CB743212E5D22007480D4 /* SettingCell.swift in Sources */ = {isa = PBXBuildFile; fileRef = 113CB742212E5D22007480D4 /* SettingCell.swift */; };
		113CB746212E859C007480D4 /* APIService.swift in Sources */ = {isa = PBXBuildFile; fileRef = 113CB745212E859C007480D4 /* APIService.swift */; };
		113CB749212E86E8007480D4 /* Extension.swift in Sources */ = {isa = PBXBuildFile; fileRef = 113CB748212E86E8007480D4 /* Extension.swift */; };
		113CB74B212EA2CB007480D4 /* FeedCell.swift in Sources */ = {isa = PBXBuildFile; fileRef = 113CB74A212EA2CB007480D4 /* FeedCell.swift */; };
		11411D7A21266845004EABEE /* SwiftyBeaver.framework in Frameworks */ = {isa = PBXBuildFile; fileRef = 11411D7921266845004EABEE /* SwiftyBeaver.framework */; };
		11411DA3212695FD004EABEE /* CoinList.storyboard in Resources */ = {isa = PBXBuildFile; fileRef = 11411DA2212695FD004EABEE /* CoinList.storyboard */; };
		11411DA521269618004EABEE /* CoinListVC.swift in Sources */ = {isa = PBXBuildFile; fileRef = 11411DA421269618004EABEE /* CoinListVC.swift */; };
		11411DA7212696C8004EABEE /* Coins.swift in Sources */ = {isa = PBXBuildFile; fileRef = 11411DA6212696C8004EABEE /* Coins.swift */; };
		11411DAB2126A761004EABEE /* CustomCoinListCell.swift in Sources */ = {isa = PBXBuildFile; fileRef = 11411DAA2126A761004EABEE /* CustomCoinListCell.swift */; };
		117601BA21262E1E004BDC73 /* AppDelegate.swift in Sources */ = {isa = PBXBuildFile; fileRef = 117601B921262E1E004BDC73 /* AppDelegate.swift */; };
		117601BC21262E1E004BDC73 /* ViewController.swift in Sources */ = {isa = PBXBuildFile; fileRef = 117601BB21262E1E004BDC73 /* ViewController.swift */; };
		117601C221262E1E004BDC73 /* Bitcoin.xcdatamodeld in Sources */ = {isa = PBXBuildFile; fileRef = 117601C021262E1E004BDC73 /* Bitcoin.xcdatamodeld */; };
		117601C421262E1F004BDC73 /* Assets.xcassets in Resources */ = {isa = PBXBuildFile; fileRef = 117601C321262E1F004BDC73 /* Assets.xcassets */; };
		117601C721262E1F004BDC73 /* LaunchScreen.storyboard in Resources */ = {isa = PBXBuildFile; fileRef = 117601C521262E1F004BDC73 /* LaunchScreen.storyboard */; };
		117601D221262E1F004BDC73 /* BitcoinTests.swift in Sources */ = {isa = PBXBuildFile; fileRef = 117601D121262E1F004BDC73 /* BitcoinTests.swift */; };
		117601F8212635DE004BDC73 /* Constants.swift in Sources */ = {isa = PBXBuildFile; fileRef = 117601F7212635DE004BDC73 /* Constants.swift */; };
		117601FA212645F5004BDC73 /* DRL Theme Manager.swift in Sources */ = {isa = PBXBuildFile; fileRef = 117601F9212645F5004BDC73 /* DRL Theme Manager.swift */; };
		1176022F21264F9D004BDC73 /* Charts.framework in Frameworks */ = {isa = PBXBuildFile; fileRef = 1176022C21264F6F004BDC73 /* Charts.framework */; };
		11D4E05B212EFE90005C9816 /* FavoritesCell.swift in Sources */ = {isa = PBXBuildFile; fileRef = 11D4E05A212EFE90005C9816 /* FavoritesCell.swift */; };
		11D4E074212FBBE7005C9816 /* NewsCell.swift in Sources */ = {isa = PBXBuildFile; fileRef = 11D4E073212FBBE7005C9816 /* NewsCell.swift */; };
		11D4E076212FBD2E005C9816 /* ProfileCell.swift in Sources */ = {isa = PBXBuildFile; fileRef = 11D4E075212FBD2E005C9816 /* ProfileCell.swift */; };
		11D4E079212FC21D005C9816 /* News.swift in Sources */ = {isa = PBXBuildFile; fileRef = 11D4E078212FC21D005C9816 /* News.swift */; };
		11D4E07B212FC9D7005C9816 /* CollectionNewsCell.swift in Sources */ = {isa = PBXBuildFile; fileRef = 11D4E07A212FC9D7005C9816 /* CollectionNewsCell.swift */; };
		11E805D021281FAB00BA0B15 /* HeaderView.swift in Sources */ = {isa = PBXBuildFile; fileRef = 11E805CE21281FAB00BA0B15 /* HeaderView.swift */; };
		11E805D121281FAB00BA0B15 /* HeaderView.xib in Resources */ = {isa = PBXBuildFile; fileRef = 11E805CF21281FAB00BA0B15 /* HeaderView.xib */; };
		11E805D321282BD600BA0B15 /* MenuBar.swift in Sources */ = {isa = PBXBuildFile; fileRef = 11E805D221282BD600BA0B15 /* MenuBar.swift */; };
		11E805D72128EA6200BA0B15 /* CustomTabBarController.swift in Sources */ = {isa = PBXBuildFile; fileRef = 11E805D62128EA6200BA0B15 /* CustomTabBarController.swift */; };
		11E805D92128FE8A00BA0B15 /* Start.storyboard in Resources */ = {isa = PBXBuildFile; fileRef = 11E805D82128FE8A00BA0B15 /* Start.storyboard */; };
		11E80605212B0A8B00BA0B15 /* FullCoinList.storyboard in Resources */ = {isa = PBXBuildFile; fileRef = 11E80604212B0A8B00BA0B15 /* FullCoinList.storyboard */; };
		11E80607212B0B3100BA0B15 /* FullCoinVC.swift in Sources */ = {isa = PBXBuildFile; fileRef = 11E80606212B0B3100BA0B15 /* FullCoinVC.swift */; };
		11E8060C212B3C8D00BA0B15 /* CollectionCoinCell.swift in Sources */ = {isa = PBXBuildFile; fileRef = 11E8060A212B3C8D00BA0B15 /* CollectionCoinCell.swift */; };
		17F15DE7449469B638A4B7FA /* Pods_Bitcoin.framework in Frameworks */ = {isa = PBXBuildFile; fileRef = 1176020721264D4D004BDC73 /* Pods_Bitcoin.framework */; };
		CE9D9515AC1AA20BFCA7FB62 /* Pods_BitcoinTests.framework in Frameworks */ = {isa = PBXBuildFile; fileRef = 4A68402109B0C86EA1ABF4A7 /* Pods_BitcoinTests.framework */; };
/* End PBXBuildFile section */

/* Begin PBXContainerItemProxy section */
		117601CE21262E1F004BDC73 /* PBXContainerItemProxy */ = {
			isa = PBXContainerItemProxy;
			containerPortal = 117601AE21262E1E004BDC73 /* Project object */;
			proxyType = 1;
			remoteGlobalIDString = 117601B521262E1E004BDC73;
			remoteInfo = Bitcoin;
		};
		117601E721262E77004BDC73 /* PBXContainerItemProxy */ = {
			isa = PBXContainerItemProxy;
			containerPortal = 117601DC21262E77004BDC73 /* Alamofire.xcodeproj */;
			proxyType = 2;
			remoteGlobalIDString = F8111E3319A95C8B0040E7D1;
			remoteInfo = "Alamofire iOS";
		};
		117601E921262E77004BDC73 /* PBXContainerItemProxy */ = {
			isa = PBXContainerItemProxy;
			containerPortal = 117601DC21262E77004BDC73 /* Alamofire.xcodeproj */;
			proxyType = 2;
			remoteGlobalIDString = F8111E3E19A95C8B0040E7D1;
			remoteInfo = "Alamofire iOS Tests";
		};
		117601EB21262E77004BDC73 /* PBXContainerItemProxy */ = {
			isa = PBXContainerItemProxy;
			containerPortal = 117601DC21262E77004BDC73 /* Alamofire.xcodeproj */;
			proxyType = 2;
			remoteGlobalIDString = 4DD67C0B1A5C55C900ED2280;
			remoteInfo = "Alamofire macOS";
		};
		117601ED21262E77004BDC73 /* PBXContainerItemProxy */ = {
			isa = PBXContainerItemProxy;
			containerPortal = 117601DC21262E77004BDC73 /* Alamofire.xcodeproj */;
			proxyType = 2;
			remoteGlobalIDString = F829C6B21A7A94F100A2CD59;
			remoteInfo = "Alamofire macOS Tests";
		};
		117601EF21262E77004BDC73 /* PBXContainerItemProxy */ = {
			isa = PBXContainerItemProxy;
			containerPortal = 117601DC21262E77004BDC73 /* Alamofire.xcodeproj */;
			proxyType = 2;
			remoteGlobalIDString = 4CF626EF1BA7CB3E0011A099;
			remoteInfo = "Alamofire tvOS";
		};
		117601F121262E77004BDC73 /* PBXContainerItemProxy */ = {
			isa = PBXContainerItemProxy;
			containerPortal = 117601DC21262E77004BDC73 /* Alamofire.xcodeproj */;
			proxyType = 2;
			remoteGlobalIDString = 4CF626F81BA7CB3E0011A099;
			remoteInfo = "Alamofire tvOS Tests";
		};
		117601F321262E77004BDC73 /* PBXContainerItemProxy */ = {
			isa = PBXContainerItemProxy;
			containerPortal = 117601DC21262E77004BDC73 /* Alamofire.xcodeproj */;
			proxyType = 2;
			remoteGlobalIDString = E4202FE01B667AA100C997FB;
			remoteInfo = "Alamofire watchOS";
		};
		1176022B21264F6F004BDC73 /* PBXContainerItemProxy */ = {
			isa = PBXContainerItemProxy;
			containerPortal = 1176022621264F6F004BDC73 /* Charts.xcodeproj */;
			proxyType = 2;
			remoteGlobalIDString = 65AD9E95D9ED4DC0BD73A743;
			remoteInfo = Charts;
		};
		1176022D21264F6F004BDC73 /* PBXContainerItemProxy */ = {
			isa = PBXContainerItemProxy;
			containerPortal = 1176022621264F6F004BDC73 /* Charts.xcodeproj */;
			proxyType = 2;
			remoteGlobalIDString = 1CBBC58C6CE1EBEE9852CE41;
			remoteInfo = ChartsTests;
		};
/* End PBXContainerItemProxy section */

/* Begin PBXFileReference section */
		02F5161C1F4003F8507455D2 /* Pods-Bitcoin.debug.xcconfig */ = {isa = PBXFileReference; includeInIndex = 1; lastKnownFileType = text.xcconfig; name = "Pods-Bitcoin.debug.xcconfig"; path = "Pods/Target Support Files/Pods-Bitcoin/Pods-Bitcoin.debug.xcconfig"; sourceTree = "<group>"; };
		113CB72F212B5FCE007480D4 /* MenuCell.swift */ = {isa = PBXFileReference; lastKnownFileType = sourcecode.swift; path = MenuCell.swift; sourceTree = "<group>"; };
		113CB731212BB429007480D4 /* CoinModel.swift */ = {isa = PBXFileReference; lastKnownFileType = sourcecode.swift; path = CoinModel.swift; sourceTree = "<group>"; };
		113CB740212E58C2007480D4 /* SettingsLauncher.swift */ = {isa = PBXFileReference; lastKnownFileType = sourcecode.swift; path = SettingsLauncher.swift; sourceTree = "<group>"; };
		113CB742212E5D22007480D4 /* SettingCell.swift */ = {isa = PBXFileReference; lastKnownFileType = sourcecode.swift; path = SettingCell.swift; sourceTree = "<group>"; };
		113CB745212E859C007480D4 /* APIService.swift */ = {isa = PBXFileReference; lastKnownFileType = sourcecode.swift; path = APIService.swift; sourceTree = "<group>"; };
		113CB748212E86E8007480D4 /* Extension.swift */ = {isa = PBXFileReference; lastKnownFileType = sourcecode.swift; path = Extension.swift; sourceTree = "<group>"; };
		113CB74A212EA2CB007480D4 /* FeedCell.swift */ = {isa = PBXFileReference; lastKnownFileType = sourcecode.swift; path = FeedCell.swift; sourceTree = "<group>"; };
		11411D7921266845004EABEE /* SwiftyBeaver.framework */ = {isa = PBXFileReference; explicitFileType = wrapper.framework; path = SwiftyBeaver.framework; sourceTree = BUILT_PRODUCTS_DIR; };
		11411DA2212695FD004EABEE /* CoinList.storyboard */ = {isa = PBXFileReference; lastKnownFileType = file.storyboard; path = CoinList.storyboard; sourceTree = "<group>"; };
		11411DA421269618004EABEE /* CoinListVC.swift */ = {isa = PBXFileReference; lastKnownFileType = sourcecode.swift; path = CoinListVC.swift; sourceTree = "<group>"; };
		11411DA6212696C8004EABEE /* Coins.swift */ = {isa = PBXFileReference; lastKnownFileType = sourcecode.swift; path = Coins.swift; sourceTree = "<group>"; };
		11411DAA2126A761004EABEE /* CustomCoinListCell.swift */ = {isa = PBXFileReference; lastKnownFileType = sourcecode.swift; name = CustomCoinListCell.swift; path = /Users/AymanZAY/ios/Bitcoin/Bitcoin/CustomCoinListCell.swift; sourceTree = "<absolute>"; };
		117601B621262E1E004BDC73 /* Bitcoin.app */ = {isa = PBXFileReference; explicitFileType = wrapper.application; includeInIndex = 0; path = Bitcoin.app; sourceTree = BUILT_PRODUCTS_DIR; };
		117601B921262E1E004BDC73 /* AppDelegate.swift */ = {isa = PBXFileReference; lastKnownFileType = sourcecode.swift; path = AppDelegate.swift; sourceTree = "<group>"; };
		117601BB21262E1E004BDC73 /* ViewController.swift */ = {isa = PBXFileReference; lastKnownFileType = sourcecode.swift; path = ViewController.swift; sourceTree = "<group>"; };
		117601C121262E1E004BDC73 /* Bitcoin.xcdatamodel */ = {isa = PBXFileReference; lastKnownFileType = wrapper.xcdatamodel; path = Bitcoin.xcdatamodel; sourceTree = "<group>"; };
		117601C321262E1F004BDC73 /* Assets.xcassets */ = {isa = PBXFileReference; lastKnownFileType = folder.assetcatalog; path = Assets.xcassets; sourceTree = "<group>"; };
		117601C621262E1F004BDC73 /* Base */ = {isa = PBXFileReference; lastKnownFileType = file.storyboard; name = Base; path = Base.lproj/LaunchScreen.storyboard; sourceTree = "<group>"; };
		117601C821262E1F004BDC73 /* Info.plist */ = {isa = PBXFileReference; lastKnownFileType = text.plist.xml; path = Info.plist; sourceTree = "<group>"; };
		117601CD21262E1F004BDC73 /* BitcoinTests.xctest */ = {isa = PBXFileReference; explicitFileType = wrapper.cfbundle; includeInIndex = 0; path = BitcoinTests.xctest; sourceTree = BUILT_PRODUCTS_DIR; };
		117601D121262E1F004BDC73 /* BitcoinTests.swift */ = {isa = PBXFileReference; lastKnownFileType = sourcecode.swift; path = BitcoinTests.swift; sourceTree = "<group>"; };
		117601D321262E1F004BDC73 /* Info.plist */ = {isa = PBXFileReference; lastKnownFileType = text.plist.xml; path = Info.plist; sourceTree = "<group>"; };
		117601DC21262E77004BDC73 /* Alamofire.xcodeproj */ = {isa = PBXFileReference; lastKnownFileType = "wrapper.pb-project"; name = Alamofire.xcodeproj; path = "../../../Downloads/Alamofire-master/Alamofire.xcodeproj"; sourceTree = "<group>"; };
		117601F7212635DE004BDC73 /* Constants.swift */ = {isa = PBXFileReference; lastKnownFileType = sourcecode.swift; path = Constants.swift; sourceTree = "<group>"; };
		117601F9212645F5004BDC73 /* DRL Theme Manager.swift */ = {isa = PBXFileReference; lastKnownFileType = sourcecode.swift; path = "DRL Theme Manager.swift"; sourceTree = "<group>"; };
		117601FD21264C23004BDC73 /* Charts.framework */ = {isa = PBXFileReference; explicitFileType = wrapper.framework; path = Charts.framework; sourceTree = BUILT_PRODUCTS_DIR; };
		1176020721264D4D004BDC73 /* Pods_Bitcoin.framework */ = {isa = PBXFileReference; explicitFileType = wrapper.framework; path = Pods_Bitcoin.framework; sourceTree = BUILT_PRODUCTS_DIR; };
		1176021321264F0F004BDC73 /* Charts.framework */ = {isa = PBXFileReference; explicitFileType = wrapper.framework; path = Charts.framework; sourceTree = BUILT_PRODUCTS_DIR; };
		1176022621264F6F004BDC73 /* Charts.xcodeproj */ = {isa = PBXFileReference; lastKnownFileType = "wrapper.pb-project"; name = Charts.xcodeproj; path = "../../../Downloads/Charts-master/Charts.xcodeproj"; sourceTree = "<group>"; };
		11D4E05A212EFE90005C9816 /* FavoritesCell.swift */ = {isa = PBXFileReference; lastKnownFileType = sourcecode.swift; path = FavoritesCell.swift; sourceTree = "<group>"; };
		11D4E073212FBBE7005C9816 /* NewsCell.swift */ = {isa = PBXFileReference; lastKnownFileType = sourcecode.swift; path = NewsCell.swift; sourceTree = "<group>"; };
		11D4E075212FBD2E005C9816 /* ProfileCell.swift */ = {isa = PBXFileReference; lastKnownFileType = sourcecode.swift; path = ProfileCell.swift; sourceTree = "<group>"; };
		11D4E078212FC21D005C9816 /* News.swift */ = {isa = PBXFileReference; lastKnownFileType = sourcecode.swift; path = News.swift; sourceTree = "<group>"; };
		11D4E07A212FC9D7005C9816 /* CollectionNewsCell.swift */ = {isa = PBXFileReference; lastKnownFileType = sourcecode.swift; path = CollectionNewsCell.swift; sourceTree = "<group>"; };
		11E805CE21281FAB00BA0B15 /* HeaderView.swift */ = {isa = PBXFileReference; lastKnownFileType = sourcecode.swift; path = HeaderView.swift; sourceTree = "<group>"; };
		11E805CF21281FAB00BA0B15 /* HeaderView.xib */ = {isa = PBXFileReference; lastKnownFileType = file.xib; path = HeaderView.xib; sourceTree = "<group>"; };
		11E805D221282BD600BA0B15 /* MenuBar.swift */ = {isa = PBXFileReference; lastKnownFileType = sourcecode.swift; path = MenuBar.swift; sourceTree = "<group>"; };
		11E805D62128EA6200BA0B15 /* CustomTabBarController.swift */ = {isa = PBXFileReference; lastKnownFileType = sourcecode.swift; path = CustomTabBarController.swift; sourceTree = "<group>"; };
		11E805D82128FE8A00BA0B15 /* Start.storyboard */ = {isa = PBXFileReference; fileEncoding = 4; lastKnownFileType = file.storyboard; path = Start.storyboard; sourceTree = "<group>"; };
		11E80604212B0A8B00BA0B15 /* FullCoinList.storyboard */ = {isa = PBXFileReference; lastKnownFileType = file.storyboard; path = FullCoinList.storyboard; sourceTree = "<group>"; };
		11E80606212B0B3100BA0B15 /* FullCoinVC.swift */ = {isa = PBXFileReference; lastKnownFileType = sourcecode.swift; path = FullCoinVC.swift; sourceTree = "<group>"; };
		11E8060A212B3C8D00BA0B15 /* CollectionCoinCell.swift */ = {isa = PBXFileReference; lastKnownFileType = sourcecode.swift; path = CollectionCoinCell.swift; sourceTree = "<group>"; };
		1AEDAFC3596147ED80F672BA /* Pods_Bitcoin.framework */ = {isa = PBXFileReference; explicitFileType = wrapper.framework; includeInIndex = 0; path = Pods_Bitcoin.framework; sourceTree = BUILT_PRODUCTS_DIR; };
		4A68402109B0C86EA1ABF4A7 /* Pods_BitcoinTests.framework */ = {isa = PBXFileReference; explicitFileType = wrapper.framework; includeInIndex = 0; path = Pods_BitcoinTests.framework; sourceTree = BUILT_PRODUCTS_DIR; };
		9E7FFC0D97307FB2907B0FA2 /* Pods-BitcoinTests.release.xcconfig */ = {isa = PBXFileReference; includeInIndex = 1; lastKnownFileType = text.xcconfig; name = "Pods-BitcoinTests.release.xcconfig"; path = "Pods/Target Support Files/Pods-BitcoinTests/Pods-BitcoinTests.release.xcconfig"; sourceTree = "<group>"; };
		CE38AE0E5731885033C11133 /* Pods-BitcoinTests.debug.xcconfig */ = {isa = PBXFileReference; includeInIndex = 1; lastKnownFileType = text.xcconfig; name = "Pods-BitcoinTests.debug.xcconfig"; path = "Pods/Target Support Files/Pods-BitcoinTests/Pods-BitcoinTests.debug.xcconfig"; sourceTree = "<group>"; };
		DE4926C9C39BC965D1303201 /* Pods-Bitcoin.release.xcconfig */ = {isa = PBXFileReference; includeInIndex = 1; lastKnownFileType = text.xcconfig; name = "Pods-Bitcoin.release.xcconfig"; path = "Pods/Target Support Files/Pods-Bitcoin/Pods-Bitcoin.release.xcconfig"; sourceTree = "<group>"; };
/* End PBXFileReference section */

/* Begin PBXFrameworksBuildPhase section */
		117601B321262E1E004BDC73 /* Frameworks */ = {
			isa = PBXFrameworksBuildPhase;
			buildActionMask = 2147483647;
			files = (
				11411D7A21266845004EABEE /* SwiftyBeaver.framework in Frameworks */,
				1176022F21264F9D004BDC73 /* Charts.framework in Frameworks */,
				17F15DE7449469B638A4B7FA /* Pods_Bitcoin.framework in Frameworks */,
			);
			runOnlyForDeploymentPostprocessing = 0;
		};
		117601CA21262E1F004BDC73 /* Frameworks */ = {
			isa = PBXFrameworksBuildPhase;
			buildActionMask = 2147483647;
			files = (
				CE9D9515AC1AA20BFCA7FB62 /* Pods_BitcoinTests.framework in Frameworks */,
			);
			runOnlyForDeploymentPostprocessing = 0;
		};
/* End PBXFrameworksBuildPhase section */

/* Begin PBXGroup section */
		113CB744212E8591007480D4 /* APIService */ = {
			isa = PBXGroup;
			children = (
				113CB745212E859C007480D4 /* APIService.swift */,
			);
			path = APIService;
			sourceTree = "<group>";
		};
		113CB747212E86D0007480D4 /* Extensions */ = {
			isa = PBXGroup;
			children = (
				113CB748212E86E8007480D4 /* Extension.swift */,
			);
			path = Extensions;
			sourceTree = "<group>";
		};
		117601AD21262E1E004BDC73 = {
			isa = PBXGroup;
			children = (
				117601B821262E1E004BDC73 /* Bitcoin */,
				117601D021262E1F004BDC73 /* BitcoinTests */,
				117601B721262E1E004BDC73 /* Products */,
				117601F521262E87004BDC73 /* Frameworks */,
				62FF8672A2591C05D207F3C0 /* Pods */,
			);
			sourceTree = "<group>";
		};
		117601B721262E1E004BDC73 /* Products */ = {
			isa = PBXGroup;
			children = (
				117601B621262E1E004BDC73 /* Bitcoin.app */,
				117601CD21262E1F004BDC73 /* BitcoinTests.xctest */,
			);
			name = Products;
			sourceTree = "<group>";
		};
		117601B821262E1E004BDC73 /* Bitcoin */ = {
			isa = PBXGroup;
			children = (
				113CB747212E86D0007480D4 /* Extensions */,
				113CB744212E8591007480D4 /* APIService */,
				11E80600212B08CB00BA0B15 /* Helper */,
				11E805FC212B087300BA0B15 /* Model */,
				11E805F1212B086E00BA0B15 /* View */,
				11E805FD212B087800BA0B15 /* Controller */,
				1176022621264F6F004BDC73 /* Charts.xcodeproj */,
				117601DC21262E77004BDC73 /* Alamofire.xcodeproj */,
				117601B921262E1E004BDC73 /* AppDelegate.swift */,
				117601C321262E1F004BDC73 /* Assets.xcassets */,
				117601C521262E1F004BDC73 /* LaunchScreen.storyboard */,
				117601C821262E1F004BDC73 /* Info.plist */,
				117601F9212645F5004BDC73 /* DRL Theme Manager.swift */,
			);
			path = Bitcoin;
			sourceTree = "<group>";
		};
		117601D021262E1F004BDC73 /* BitcoinTests */ = {
			isa = PBXGroup;
			children = (
				117601D121262E1F004BDC73 /* BitcoinTests.swift */,
				117601D321262E1F004BDC73 /* Info.plist */,
			);
			path = BitcoinTests;
			sourceTree = "<group>";
		};
		117601DD21262E77004BDC73 /* Products */ = {
			isa = PBXGroup;
			children = (
				117601E821262E77004BDC73 /* Alamofire.framework */,
				117601EA21262E77004BDC73 /* Alamofire iOS Tests.xctest */,
				117601EC21262E77004BDC73 /* Alamofire.framework */,
				117601EE21262E77004BDC73 /* Alamofire macOS Tests.xctest */,
				117601F021262E77004BDC73 /* Alamofire.framework */,
				117601F221262E77004BDC73 /* Alamofire tvOS Tests.xctest */,
				117601F421262E77004BDC73 /* Alamofire.framework */,
			);
			name = Products;
			sourceTree = "<group>";
		};
		117601F521262E87004BDC73 /* Frameworks */ = {
			isa = PBXGroup;
			children = (
				11411D7921266845004EABEE /* SwiftyBeaver.framework */,
				1176021321264F0F004BDC73 /* Charts.framework */,
				1176020721264D4D004BDC73 /* Pods_Bitcoin.framework */,
				117601FD21264C23004BDC73 /* Charts.framework */,
				1AEDAFC3596147ED80F672BA /* Pods_Bitcoin.framework */,
				4A68402109B0C86EA1ABF4A7 /* Pods_BitcoinTests.framework */,
			);
			name = Frameworks;
			sourceTree = "<group>";
		};
		1176022721264F6F004BDC73 /* Products */ = {
			isa = PBXGroup;
			children = (
				1176022C21264F6F004BDC73 /* Charts.framework */,
				1176022E21264F6F004BDC73 /* ChartsTests.xctest */,
			);
			name = Products;
			sourceTree = "<group>";
		};
		11D4E077212FBD57005C9816 /* Menu Bar */ = {
			isa = PBXGroup;
			children = (
				11E805D221282BD600BA0B15 /* MenuBar.swift */,
				113CB72F212B5FCE007480D4 /* MenuCell.swift */,
				113CB74A212EA2CB007480D4 /* FeedCell.swift */,
				11D4E05A212EFE90005C9816 /* FavoritesCell.swift */,
				11D4E073212FBBE7005C9816 /* NewsCell.swift */,
				11D4E07A212FC9D7005C9816 /* CollectionNewsCell.swift */,
				11D4E075212FBD2E005C9816 /* ProfileCell.swift */,
			);
			path = "Menu Bar";
			sourceTree = "<group>";
		};
		11E805F1212B086E00BA0B15 /* View */ = {
			isa = PBXGroup;
			children = (
				11D4E077212FBD57005C9816 /* Menu Bar */,
				113CB742212E5D22007480D4 /* SettingCell.swift */,
				11E805FF212B08A800BA0B15 /* CoinList */,
				11E805D82128FE8A00BA0B15 /* Start.storyboard */,
				11E80604212B0A8B00BA0B15 /* FullCoinList.storyboard */,
			);
			path = View;
			sourceTree = "<group>";
		};
		11E805FC212B087300BA0B15 /* Model */ = {
			isa = PBXGroup;
			children = (
				117601C021262E1E004BDC73 /* Bitcoin.xcdatamodeld */,
				113CB731212BB429007480D4 /* CoinModel.swift */,
			);
			path = Model;
			sourceTree = "<group>";
		};
		11E805FD212B087800BA0B15 /* Controller */ = {
			isa = PBXGroup;
			children = (
				11E80606212B0B3100BA0B15 /* FullCoinVC.swift */,
				113CB740212E58C2007480D4 /* SettingsLauncher.swift */,
				11E8060A212B3C8D00BA0B15 /* CollectionCoinCell.swift */,
				11E80601212B091900BA0B15 /* CustomControllers */,
				11411DA421269618004EABEE /* CoinListVC.swift */,
				117601BB21262E1E004BDC73 /* ViewController.swift */,
			);
			path = Controller;
			sourceTree = "<group>";
		};
		11E805FE212B089700BA0B15 /* HeaderView */ = {
			isa = PBXGroup;
			children = (
				11E805CE21281FAB00BA0B15 /* HeaderView.swift */,
				11E805CF21281FAB00BA0B15 /* HeaderView.xib */,
			);
			path = HeaderView;
			sourceTree = "<group>";
		};
		11E805FF212B08A800BA0B15 /* CoinList */ = {
			isa = PBXGroup;
			children = (
				11411DA2212695FD004EABEE /* CoinList.storyboard */,
				11E805FE212B089700BA0B15 /* HeaderView */,
			);
			path = CoinList;
			sourceTree = "<group>";
		};
		11E80600212B08CB00BA0B15 /* Helper */ = {
			isa = PBXGroup;
			children = (
				117601F7212635DE004BDC73 /* Constants.swift */,
				11411DA6212696C8004EABEE /* Coins.swift */,
				11D4E078212FC21D005C9816 /* News.swift */,
			);
			path = Helper;
			sourceTree = "<group>";
		};
		11E80601212B091900BA0B15 /* CustomControllers */ = {
			isa = PBXGroup;
			children = (
				11411DAA2126A761004EABEE /* CustomCoinListCell.swift */,
				11E805D62128EA6200BA0B15 /* CustomTabBarController.swift */,
			);
			path = CustomControllers;
			sourceTree = "<group>";
		};
		62FF8672A2591C05D207F3C0 /* Pods */ = {
			isa = PBXGroup;
			children = (
				02F5161C1F4003F8507455D2 /* Pods-Bitcoin.debug.xcconfig */,
				DE4926C9C39BC965D1303201 /* Pods-Bitcoin.release.xcconfig */,
				CE38AE0E5731885033C11133 /* Pods-BitcoinTests.debug.xcconfig */,
				9E7FFC0D97307FB2907B0FA2 /* Pods-BitcoinTests.release.xcconfig */,
			);
			name = Pods;
			sourceTree = "<group>";
		};
/* End PBXGroup section */

/* Begin PBXNativeTarget section */
		117601B521262E1E004BDC73 /* Bitcoin */ = {
			isa = PBXNativeTarget;
			buildConfigurationList = 117601D621262E1F004BDC73 /* Build configuration list for PBXNativeTarget "Bitcoin" */;
			buildPhases = (
				B1A46192B4E5B5F27A5D5811 /* [CP] Check Pods Manifest.lock */,
				117601B221262E1E004BDC73 /* Sources */,
				117601B321262E1E004BDC73 /* Frameworks */,
				117601B421262E1E004BDC73 /* Resources */,
				3F693DE63605591F919413B1 /* [CP] Embed Pods Frameworks */,
			);
			buildRules = (
			);
			dependencies = (
			);
			name = Bitcoin;
			productName = Bitcoin;
			productReference = 117601B621262E1E004BDC73 /* Bitcoin.app */;
			productType = "com.apple.product-type.application";
		};
		117601CC21262E1F004BDC73 /* BitcoinTests */ = {
			isa = PBXNativeTarget;
			buildConfigurationList = 117601D921262E1F004BDC73 /* Build configuration list for PBXNativeTarget "BitcoinTests" */;
			buildPhases = (
				3E73B5213572DD822F201C9F /* [CP] Check Pods Manifest.lock */,
				117601C921262E1F004BDC73 /* Sources */,
				117601CA21262E1F004BDC73 /* Frameworks */,
				117601CB21262E1F004BDC73 /* Resources */,
			);
			buildRules = (
			);
			dependencies = (
				117601CF21262E1F004BDC73 /* PBXTargetDependency */,
			);
			name = BitcoinTests;
			productName = BitcoinTests;
			productReference = 117601CD21262E1F004BDC73 /* BitcoinTests.xctest */;
			productType = "com.apple.product-type.bundle.unit-test";
		};
/* End PBXNativeTarget section */

/* Begin PBXProject section */
		117601AE21262E1E004BDC73 /* Project object */ = {
			isa = PBXProject;
			attributes = {
				LastSwiftUpdateCheck = 0940;
				LastUpgradeCheck = 0940;
				ORGANIZATIONNAME = "Ayman Zeine";
				TargetAttributes = {
					117601B521262E1E004BDC73 = {
						CreatedOnToolsVersion = 9.4.1;
					};
					117601CC21262E1F004BDC73 = {
						CreatedOnToolsVersion = 9.4.1;
						TestTargetID = 117601B521262E1E004BDC73;
					};
				};
			};
			buildConfigurationList = 117601B121262E1E004BDC73 /* Build configuration list for PBXProject "Bitcoin" */;
			compatibilityVersion = "Xcode 9.3";
			developmentRegion = en;
			hasScannedForEncodings = 0;
			knownRegions = (
				en,
				Base,
			);
			mainGroup = 117601AD21262E1E004BDC73;
			productRefGroup = 117601B721262E1E004BDC73 /* Products */;
			projectDirPath = "";
			projectReferences = (
				{
					ProductGroup = 117601DD21262E77004BDC73 /* Products */;
					ProjectRef = 117601DC21262E77004BDC73 /* Alamofire.xcodeproj */;
				},
				{
					ProductGroup = 1176022721264F6F004BDC73 /* Products */;
					ProjectRef = 1176022621264F6F004BDC73 /* Charts.xcodeproj */;
				},
			);
			projectRoot = "";
			targets = (
				117601B521262E1E004BDC73 /* Bitcoin */,
				117601CC21262E1F004BDC73 /* BitcoinTests */,
			);
		};
/* End PBXProject section */

/* Begin PBXReferenceProxy section */
		117601E821262E77004BDC73 /* Alamofire.framework */ = {
			isa = PBXReferenceProxy;
			fileType = wrapper.framework;
			path = Alamofire.framework;
			remoteRef = 117601E721262E77004BDC73 /* PBXContainerItemProxy */;
			sourceTree = BUILT_PRODUCTS_DIR;
		};
		117601EA21262E77004BDC73 /* Alamofire iOS Tests.xctest */ = {
			isa = PBXReferenceProxy;
			fileType = wrapper.cfbundle;
			path = "Alamofire iOS Tests.xctest";
			remoteRef = 117601E921262E77004BDC73 /* PBXContainerItemProxy */;
			sourceTree = BUILT_PRODUCTS_DIR;
		};
		117601EC21262E77004BDC73 /* Alamofire.framework */ = {
			isa = PBXReferenceProxy;
			fileType = wrapper.framework;
			path = Alamofire.framework;
			remoteRef = 117601EB21262E77004BDC73 /* PBXContainerItemProxy */;
			sourceTree = BUILT_PRODUCTS_DIR;
		};
		117601EE21262E77004BDC73 /* Alamofire macOS Tests.xctest */ = {
			isa = PBXReferenceProxy;
			fileType = wrapper.cfbundle;
			path = "Alamofire macOS Tests.xctest";
			remoteRef = 117601ED21262E77004BDC73 /* PBXContainerItemProxy */;
			sourceTree = BUILT_PRODUCTS_DIR;
		};
		117601F021262E77004BDC73 /* Alamofire.framework */ = {
			isa = PBXReferenceProxy;
			fileType = wrapper.framework;
			path = Alamofire.framework;
			remoteRef = 117601EF21262E77004BDC73 /* PBXContainerItemProxy */;
			sourceTree = BUILT_PRODUCTS_DIR;
		};
		117601F221262E77004BDC73 /* Alamofire tvOS Tests.xctest */ = {
			isa = PBXReferenceProxy;
			fileType = wrapper.cfbundle;
			path = "Alamofire tvOS Tests.xctest";
			remoteRef = 117601F121262E77004BDC73 /* PBXContainerItemProxy */;
			sourceTree = BUILT_PRODUCTS_DIR;
		};
		117601F421262E77004BDC73 /* Alamofire.framework */ = {
			isa = PBXReferenceProxy;
			fileType = wrapper.framework;
			path = Alamofire.framework;
			remoteRef = 117601F321262E77004BDC73 /* PBXContainerItemProxy */;
			sourceTree = BUILT_PRODUCTS_DIR;
		};
		1176022C21264F6F004BDC73 /* Charts.framework */ = {
			isa = PBXReferenceProxy;
			fileType = wrapper.framework;
			path = Charts.framework;
			remoteRef = 1176022B21264F6F004BDC73 /* PBXContainerItemProxy */;
			sourceTree = BUILT_PRODUCTS_DIR;
		};
		1176022E21264F6F004BDC73 /* ChartsTests.xctest */ = {
			isa = PBXReferenceProxy;
			fileType = wrapper.cfbundle;
			path = ChartsTests.xctest;
			remoteRef = 1176022D21264F6F004BDC73 /* PBXContainerItemProxy */;
			sourceTree = BUILT_PRODUCTS_DIR;
		};
/* End PBXReferenceProxy section */

/* Begin PBXResourcesBuildPhase section */
		117601B421262E1E004BDC73 /* Resources */ = {
			isa = PBXResourcesBuildPhase;
			buildActionMask = 2147483647;
			files = (
				117601C721262E1F004BDC73 /* LaunchScreen.storyboard in Resources */,
				11E805D121281FAB00BA0B15 /* HeaderView.xib in Resources */,
				117601C421262E1F004BDC73 /* Assets.xcassets in Resources */,
				11411DA3212695FD004EABEE /* CoinList.storyboard in Resources */,
				11E80605212B0A8B00BA0B15 /* FullCoinList.storyboard in Resources */,
				11E805D92128FE8A00BA0B15 /* Start.storyboard in Resources */,
			);
			runOnlyForDeploymentPostprocessing = 0;
		};
		117601CB21262E1F004BDC73 /* Resources */ = {
			isa = PBXResourcesBuildPhase;
			buildActionMask = 2147483647;
			files = (
			);
			runOnlyForDeploymentPostprocessing = 0;
		};
/* End PBXResourcesBuildPhase section */

/* Begin PBXShellScriptBuildPhase section */
		3E73B5213572DD822F201C9F /* [CP] Check Pods Manifest.lock */ = {
			isa = PBXShellScriptBuildPhase;
			buildActionMask = 2147483647;
			files = (
			);
			inputPaths = (
				"${PODS_PODFILE_DIR_PATH}/Podfile.lock",
				"${PODS_ROOT}/Manifest.lock",
			);
			name = "[CP] Check Pods Manifest.lock";
			outputPaths = (
				"$(DERIVED_FILE_DIR)/Pods-BitcoinTests-checkManifestLockResult.txt",
			);
			runOnlyForDeploymentPostprocessing = 0;
			shellPath = /bin/sh;
			shellScript = "diff \"${PODS_PODFILE_DIR_PATH}/Podfile.lock\" \"${PODS_ROOT}/Manifest.lock\" > /dev/null\nif [ $? != 0 ] ; then\n    # print error to STDERR\n    echo \"error: The sandbox is not in sync with the Podfile.lock. Run 'pod install' or update your CocoaPods installation.\" >&2\n    exit 1\nfi\n# This output is used by Xcode 'outputs' to avoid re-running this script phase.\necho \"SUCCESS\" > \"${SCRIPT_OUTPUT_FILE_0}\"\n";
			showEnvVarsInLog = 0;
		};
		3F693DE63605591F919413B1 /* [CP] Embed Pods Frameworks */ = {
			isa = PBXShellScriptBuildPhase;
			buildActionMask = 2147483647;
			files = (
			);
			inputPaths = (
				"${PODS_ROOT}/Target Support Files/Pods-Bitcoin/Pods-Bitcoin-frameworks.sh",
				"${BUILT_PRODUCTS_DIR}/Alamofire/Alamofire.framework",
				"${BUILT_PRODUCTS_DIR}/Charts/Charts.framework",
				"${BUILT_PRODUCTS_DIR}/SwiftyBeaver/SwiftyBeaver.framework",
			);
			name = "[CP] Embed Pods Frameworks";
			outputPaths = (
				"${TARGET_BUILD_DIR}/${FRAMEWORKS_FOLDER_PATH}/Alamofire.framework",
				"${TARGET_BUILD_DIR}/${FRAMEWORKS_FOLDER_PATH}/Charts.framework",
				"${TARGET_BUILD_DIR}/${FRAMEWORKS_FOLDER_PATH}/SwiftyBeaver.framework",
			);
			runOnlyForDeploymentPostprocessing = 0;
			shellPath = /bin/sh;
			shellScript = "\"${PODS_ROOT}/Target Support Files/Pods-Bitcoin/Pods-Bitcoin-frameworks.sh\"\n";
			showEnvVarsInLog = 0;
		};
		B1A46192B4E5B5F27A5D5811 /* [CP] Check Pods Manifest.lock */ = {
			isa = PBXShellScriptBuildPhase;
			buildActionMask = 2147483647;
			files = (
			);
			inputPaths = (
				"${PODS_PODFILE_DIR_PATH}/Podfile.lock",
				"${PODS_ROOT}/Manifest.lock",
			);
			name = "[CP] Check Pods Manifest.lock";
			outputPaths = (
				"$(DERIVED_FILE_DIR)/Pods-Bitcoin-checkManifestLockResult.txt",
			);
			runOnlyForDeploymentPostprocessing = 0;
			shellPath = /bin/sh;
			shellScript = "diff \"${PODS_PODFILE_DIR_PATH}/Podfile.lock\" \"${PODS_ROOT}/Manifest.lock\" > /dev/null\nif [ $? != 0 ] ; then\n    # print error to STDERR\n    echo \"error: The sandbox is not in sync with the Podfile.lock. Run 'pod install' or update your CocoaPods installation.\" >&2\n    exit 1\nfi\n# This output is used by Xcode 'outputs' to avoid re-running this script phase.\necho \"SUCCESS\" > \"${SCRIPT_OUTPUT_FILE_0}\"\n";
			showEnvVarsInLog = 0;
		};
/* End PBXShellScriptBuildPhase section */

/* Begin PBXSourcesBuildPhase section */
		117601B221262E1E004BDC73 /* Sources */ = {
			isa = PBXSourcesBuildPhase;
			buildActionMask = 2147483647;
			files = (
				113CB743212E5D22007480D4 /* SettingCell.swift in Sources */,
				113CB74B212EA2CB007480D4 /* FeedCell.swift in Sources */,
				113CB730212B5FCE007480D4 /* MenuCell.swift in Sources */,
				11E80607212B0B3100BA0B15 /* FullCoinVC.swift in Sources */,
				11D4E074212FBBE7005C9816 /* NewsCell.swift in Sources */,
				117601C221262E1E004BDC73 /* Bitcoin.xcdatamodeld in Sources */,
				113CB732212BB429007480D4 /* CoinModel.swift in Sources */,
				113CB741212E58C2007480D4 /* SettingsLauncher.swift in Sources */,
				11E805D021281FAB00BA0B15 /* HeaderView.swift in Sources */,
				11D4E07B212FC9D7005C9816 /* CollectionNewsCell.swift in Sources */,
				11411DA521269618004EABEE /* CoinListVC.swift in Sources */,
				117601BC21262E1E004BDC73 /* ViewController.swift in Sources */,
				11E805D321282BD600BA0B15 /* MenuBar.swift in Sources */,
				11E805D72128EA6200BA0B15 /* CustomTabBarController.swift in Sources */,
				11E8060C212B3C8D00BA0B15 /* CollectionCoinCell.swift in Sources */,
				11411DAB2126A761004EABEE /* CustomCoinListCell.swift in Sources */,
				113CB749212E86E8007480D4 /* Extension.swift in Sources */,
				11411DA7212696C8004EABEE /* Coins.swift in Sources */,
				11D4E079212FC21D005C9816 /* News.swift in Sources */,
				117601BA21262E1E004BDC73 /* AppDelegate.swift in Sources */,
				117601F8212635DE004BDC73 /* Constants.swift in Sources */,
				113CB746212E859C007480D4 /* APIService.swift in Sources */,
				11D4E076212FBD2E005C9816 /* ProfileCell.swift in Sources */,
				117601FA212645F5004BDC73 /* DRL Theme Manager.swift in Sources */,
				11D4E05B212EFE90005C9816 /* FavoritesCell.swift in Sources */,
			);
			runOnlyForDeploymentPostprocessing = 0;
		};
		117601C921262E1F004BDC73 /* Sources */ = {
			isa = PBXSourcesBuildPhase;
			buildActionMask = 2147483647;
			files = (
				117601D221262E1F004BDC73 /* BitcoinTests.swift in Sources */,
			);
			runOnlyForDeploymentPostprocessing = 0;
		};
/* End PBXSourcesBuildPhase section */

/* Begin PBXTargetDependency section */
		117601CF21262E1F004BDC73 /* PBXTargetDependency */ = {
			isa = PBXTargetDependency;
			target = 117601B521262E1E004BDC73 /* Bitcoin */;
			targetProxy = 117601CE21262E1F004BDC73 /* PBXContainerItemProxy */;
		};
/* End PBXTargetDependency section */

/* Begin PBXVariantGroup section */
		117601C521262E1F004BDC73 /* LaunchScreen.storyboard */ = {
			isa = PBXVariantGroup;
			children = (
				117601C621262E1F004BDC73 /* Base */,
			);
			name = LaunchScreen.storyboard;
			sourceTree = "<group>";
		};
/* End PBXVariantGroup section */

/* Begin XCBuildConfiguration section */
		117601D421262E1F004BDC73 /* Debug */ = {
			isa = XCBuildConfiguration;
			buildSettings = {
				ALWAYS_SEARCH_USER_PATHS = NO;
				CLANG_ANALYZER_NONNULL = YES;
				CLANG_ANALYZER_NUMBER_OBJECT_CONVERSION = YES_AGGRESSIVE;
				CLANG_CXX_LANGUAGE_STANDARD = "gnu++14";
				CLANG_CXX_LIBRARY = "libc++";
				CLANG_ENABLE_MODULES = YES;
				CLANG_ENABLE_OBJC_ARC = YES;
				CLANG_ENABLE_OBJC_WEAK = YES;
				CLANG_WARN_BLOCK_CAPTURE_AUTORELEASING = YES;
				CLANG_WARN_BOOL_CONVERSION = YES;
				CLANG_WARN_COMMA = YES;
				CLANG_WARN_CONSTANT_CONVERSION = YES;
				CLANG_WARN_DEPRECATED_OBJC_IMPLEMENTATIONS = YES;
				CLANG_WARN_DIRECT_OBJC_ISA_USAGE = YES_ERROR;
				CLANG_WARN_DOCUMENTATION_COMMENTS = YES;
				CLANG_WARN_EMPTY_BODY = YES;
				CLANG_WARN_ENUM_CONVERSION = YES;
				CLANG_WARN_INFINITE_RECURSION = YES;
				CLANG_WARN_INT_CONVERSION = YES;
				CLANG_WARN_NON_LITERAL_NULL_CONVERSION = YES;
				CLANG_WARN_OBJC_IMPLICIT_RETAIN_SELF = YES;
				CLANG_WARN_OBJC_LITERAL_CONVERSION = YES;
				CLANG_WARN_OBJC_ROOT_CLASS = YES_ERROR;
				CLANG_WARN_RANGE_LOOP_ANALYSIS = YES;
				CLANG_WARN_STRICT_PROTOTYPES = YES;
				CLANG_WARN_SUSPICIOUS_MOVE = YES;
				CLANG_WARN_UNGUARDED_AVAILABILITY = YES_AGGRESSIVE;
				CLANG_WARN_UNREACHABLE_CODE = YES;
				CLANG_WARN__DUPLICATE_METHOD_MATCH = YES;
				CODE_SIGN_IDENTITY = "iPhone Developer";
				COPY_PHASE_STRIP = NO;
				DEBUG_INFORMATION_FORMAT = dwarf;
				ENABLE_STRICT_OBJC_MSGSEND = YES;
				ENABLE_TESTABILITY = YES;
				GCC_C_LANGUAGE_STANDARD = gnu11;
				GCC_DYNAMIC_NO_PIC = NO;
				GCC_NO_COMMON_BLOCKS = YES;
				GCC_OPTIMIZATION_LEVEL = 0;
				GCC_PREPROCESSOR_DEFINITIONS = (
					"DEBUG=1",
					"$(inherited)",
				);
				GCC_WARN_64_TO_32_BIT_CONVERSION = YES;
				GCC_WARN_ABOUT_RETURN_TYPE = YES_ERROR;
				GCC_WARN_UNDECLARED_SELECTOR = YES;
				GCC_WARN_UNINITIALIZED_AUTOS = YES_AGGRESSIVE;
				GCC_WARN_UNUSED_FUNCTION = YES;
				GCC_WARN_UNUSED_VARIABLE = YES;
				IPHONEOS_DEPLOYMENT_TARGET = 11.4;
				MTL_ENABLE_DEBUG_INFO = YES;
				ONLY_ACTIVE_ARCH = YES;
				SDKROOT = iphoneos;
				SWIFT_ACTIVE_COMPILATION_CONDITIONS = DEBUG;
				SWIFT_OPTIMIZATION_LEVEL = "-Onone";
			};
			name = Debug;
		};
		117601D521262E1F004BDC73 /* Release */ = {
			isa = XCBuildConfiguration;
			buildSettings = {
				ALWAYS_SEARCH_USER_PATHS = NO;
				CLANG_ANALYZER_NONNULL = YES;
				CLANG_ANALYZER_NUMBER_OBJECT_CONVERSION = YES_AGGRESSIVE;
				CLANG_CXX_LANGUAGE_STANDARD = "gnu++14";
				CLANG_CXX_LIBRARY = "libc++";
				CLANG_ENABLE_MODULES = YES;
				CLANG_ENABLE_OBJC_ARC = YES;
				CLANG_ENABLE_OBJC_WEAK = YES;
				CLANG_WARN_BLOCK_CAPTURE_AUTORELEASING = YES;
				CLANG_WARN_BOOL_CONVERSION = YES;
				CLANG_WARN_COMMA = YES;
				CLANG_WARN_CONSTANT_CONVERSION = YES;
				CLANG_WARN_DEPRECATED_OBJC_IMPLEMENTATIONS = YES;
				CLANG_WARN_DIRECT_OBJC_ISA_USAGE = YES_ERROR;
				CLANG_WARN_DOCUMENTATION_COMMENTS = YES;
				CLANG_WARN_EMPTY_BODY = YES;
				CLANG_WARN_ENUM_CONVERSION = YES;
				CLANG_WARN_INFINITE_RECURSION = YES;
				CLANG_WARN_INT_CONVERSION = YES;
				CLANG_WARN_NON_LITERAL_NULL_CONVERSION = YES;
				CLANG_WARN_OBJC_IMPLICIT_RETAIN_SELF = YES;
				CLANG_WARN_OBJC_LITERAL_CONVERSION = YES;
				CLANG_WARN_OBJC_ROOT_CLASS = YES_ERROR;
				CLANG_WARN_RANGE_LOOP_ANALYSIS = YES;
				CLANG_WARN_STRICT_PROTOTYPES = YES;
				CLANG_WARN_SUSPICIOUS_MOVE = YES;
				CLANG_WARN_UNGUARDED_AVAILABILITY = YES_AGGRESSIVE;
				CLANG_WARN_UNREACHABLE_CODE = YES;
				CLANG_WARN__DUPLICATE_METHOD_MATCH = YES;
				CODE_SIGN_IDENTITY = "iPhone Developer";
				COPY_PHASE_STRIP = NO;
				DEBUG_INFORMATION_FORMAT = "dwarf-with-dsym";
				ENABLE_NS_ASSERTIONS = NO;
				ENABLE_STRICT_OBJC_MSGSEND = YES;
				GCC_C_LANGUAGE_STANDARD = gnu11;
				GCC_NO_COMMON_BLOCKS = YES;
				GCC_WARN_64_TO_32_BIT_CONVERSION = YES;
				GCC_WARN_ABOUT_RETURN_TYPE = YES_ERROR;
				GCC_WARN_UNDECLARED_SELECTOR = YES;
				GCC_WARN_UNINITIALIZED_AUTOS = YES_AGGRESSIVE;
				GCC_WARN_UNUSED_FUNCTION = YES;
				GCC_WARN_UNUSED_VARIABLE = YES;
				IPHONEOS_DEPLOYMENT_TARGET = 11.4;
				MTL_ENABLE_DEBUG_INFO = NO;
				SDKROOT = iphoneos;
				SWIFT_COMPILATION_MODE = wholemodule;
				SWIFT_OPTIMIZATION_LEVEL = "-O";
				VALIDATE_PRODUCT = YES;
			};
			name = Release;
		};
		117601D721262E1F004BDC73 /* Debug */ = {
			isa = XCBuildConfiguration;
			baseConfigurationReference = 02F5161C1F4003F8507455D2 /* Pods-Bitcoin.debug.xcconfig */;
			buildSettings = {
				ASSETCATALOG_COMPILER_APPICON_NAME = AppIcon;
				CODE_SIGN_STYLE = Automatic;
				DEVELOPMENT_TEAM = 5LNRDHDBM2;
				INFOPLIST_FILE = Bitcoin/Info.plist;
				LD_RUNPATH_SEARCH_PATHS = (
					"$(inherited)",
					"@executable_path/Frameworks",
				);
				PRODUCT_BUNDLE_IDENTIFIER = ahz.Bitcoin;
				PRODUCT_NAME = "$(TARGET_NAME)";
				SWIFT_VERSION = 4.0;
				TARGETED_DEVICE_FAMILY = "1,2";
			};
			name = Debug;
		};
		117601D821262E1F004BDC73 /* Release */ = {
			isa = XCBuildConfiguration;
			baseConfigurationReference = DE4926C9C39BC965D1303201 /* Pods-Bitcoin.release.xcconfig */;
			buildSettings = {
				ASSETCATALOG_COMPILER_APPICON_NAME = AppIcon;
				CODE_SIGN_STYLE = Automatic;
				DEVELOPMENT_TEAM = 5LNRDHDBM2;
				INFOPLIST_FILE = Bitcoin/Info.plist;
				LD_RUNPATH_SEARCH_PATHS = (
					"$(inherited)",
					"@executable_path/Frameworks",
				);
				PRODUCT_BUNDLE_IDENTIFIER = ahz.Bitcoin;
				PRODUCT_NAME = "$(TARGET_NAME)";
				SWIFT_VERSION = 4.0;
				TARGETED_DEVICE_FAMILY = "1,2";
			};
			name = Release;
		};
		117601DA21262E1F004BDC73 /* Debug */ = {
			isa = XCBuildConfiguration;
			baseConfigurationReference = CE38AE0E5731885033C11133 /* Pods-BitcoinTests.debug.xcconfig */;
			buildSettings = {
				ALWAYS_EMBED_SWIFT_STANDARD_LIBRARIES = YES;
				BUNDLE_LOADER = "$(TEST_HOST)";
				CODE_SIGN_STYLE = Automatic;
				DEVELOPMENT_TEAM = 5LNRDHDBM2;
				INFOPLIST_FILE = BitcoinTests/Info.plist;
				LD_RUNPATH_SEARCH_PATHS = (
					"$(inherited)",
					"@executable_path/Frameworks",
					"@loader_path/Frameworks",
				);
				PRODUCT_BUNDLE_IDENTIFIER = ahz.BitcoinTests;
				PRODUCT_NAME = "$(TARGET_NAME)";
				SWIFT_VERSION = 4.0;
				TARGETED_DEVICE_FAMILY = "1,2";
				TEST_HOST = "$(BUILT_PRODUCTS_DIR)/Bitcoin.app/Bitcoin";
			};
			name = Debug;
		};
		117601DB21262E1F004BDC73 /* Release */ = {
			isa = XCBuildConfiguration;
			baseConfigurationReference = 9E7FFC0D97307FB2907B0FA2 /* Pods-BitcoinTests.release.xcconfig */;
			buildSettings = {
				ALWAYS_EMBED_SWIFT_STANDARD_LIBRARIES = YES;
				BUNDLE_LOADER = "$(TEST_HOST)";
				CODE_SIGN_STYLE = Automatic;
				DEVELOPMENT_TEAM = 5LNRDHDBM2;
				INFOPLIST_FILE = BitcoinTests/Info.plist;
				LD_RUNPATH_SEARCH_PATHS = (
					"$(inherited)",
					"@executable_path/Frameworks",
					"@loader_path/Frameworks",
				);
				PRODUCT_BUNDLE_IDENTIFIER = ahz.BitcoinTests;
				PRODUCT_NAME = "$(TARGET_NAME)";
				SWIFT_VERSION = 4.0;
				TARGETED_DEVICE_FAMILY = "1,2";
				TEST_HOST = "$(BUILT_PRODUCTS_DIR)/Bitcoin.app/Bitcoin";
			};
			name = Release;
		};
/* End XCBuildConfiguration section */

/* Begin XCConfigurationList section */
		117601B121262E1E004BDC73 /* Build configuration list for PBXProject "Bitcoin" */ = {
			isa = XCConfigurationList;
			buildConfigurations = (
				117601D421262E1F004BDC73 /* Debug */,
				117601D521262E1F004BDC73 /* Release */,
			);
			defaultConfigurationIsVisible = 0;
			defaultConfigurationName = Release;
		};
		117601D621262E1F004BDC73 /* Build configuration list for PBXNativeTarget "Bitcoin" */ = {
			isa = XCConfigurationList;
			buildConfigurations = (
				117601D721262E1F004BDC73 /* Debug */,
				117601D821262E1F004BDC73 /* Release */,
			);
			defaultConfigurationIsVisible = 0;
			defaultConfigurationName = Release;
		};
		117601D921262E1F004BDC73 /* Build configuration list for PBXNativeTarget "BitcoinTests" */ = {
			isa = XCConfigurationList;
			buildConfigurations = (
				117601DA21262E1F004BDC73 /* Debug */,
				117601DB21262E1F004BDC73 /* Release */,
			);
			defaultConfigurationIsVisible = 0;
			defaultConfigurationName = Release;
		};
/* End XCConfigurationList section */

/* Begin XCVersionGroup section */
		117601C021262E1E004BDC73 /* Bitcoin.xcdatamodeld */ = {
			isa = XCVersionGroup;
			children = (
				117601C121262E1E004BDC73 /* Bitcoin.xcdatamodel */,
			);
			currentVersion = 117601C121262E1E004BDC73 /* Bitcoin.xcdatamodel */;
			path = Bitcoin.xcdatamodeld;
			sourceTree = "<group>";
			versionGroupType = wrapper.xcdatamodel;
		};
/* End XCVersionGroup section */
	};
	rootObject = 117601AE21262E1E004BDC73 /* Project object */;
}
