// !$*UTF8*$!
{
	archiveVersion = 1;
	classes = {
	};
	objectVersion = 50;
	objects = {

/* Begin PBXBuildFile section */
		117601BA21262E1E004BDC73 /* AppDelegate.swift in Sources */ = {isa = PBXBuildFile; fileRef = 117601B921262E1E004BDC73 /* AppDelegate.swift */; };
		117601BC21262E1E004BDC73 /* ViewController.swift in Sources */ = {isa = PBXBuildFile; fileRef = 117601BB21262E1E004BDC73 /* ViewController.swift */; };
		117601BF21262E1E004BDC73 /* Main.storyboard in Resources */ = {isa = PBXBuildFile; fileRef = 117601BD21262E1E004BDC73 /* Main.storyboard */; };
		117601C221262E1E004BDC73 /* Bitcoin.xcdatamodeld in Sources */ = {isa = PBXBuildFile; fileRef = 117601C021262E1E004BDC73 /* Bitcoin.xcdatamodeld */; };
		117601C421262E1F004BDC73 /* Assets.xcassets in Resources */ = {isa = PBXBuildFile; fileRef = 117601C321262E1F004BDC73 /* Assets.xcassets */; };
		117601C721262E1F004BDC73 /* LaunchScreen.storyboard in Resources */ = {isa = PBXBuildFile; fileRef = 117601C521262E1F004BDC73 /* LaunchScreen.storyboard */; };
		117601D221262E1F004BDC73 /* BitcoinTests.swift in Sources */ = {isa = PBXBuildFile; fileRef = 117601D121262E1F004BDC73 /* BitcoinTests.swift */; };
		117601F621262E87004BDC73 /* Alamofire.framework in Frameworks */ = {isa = PBXBuildFile; fileRef = 117601E821262E77004BDC73 /* Alamofire.framework */; };
		117601F8212635DE004BDC73 /* Constants.swift in Sources */ = {isa = PBXBuildFile; fileRef = 117601F7212635DE004BDC73 /* Constants.swift */; };
/* End PBXBuildFile section */

/* Begin PBXContainerItemProxy section */
		117601CE21262E1F004BDC73 /* PBXContainerItemProxy */ = {
			isa = PBXContainerItemProxy;
			containerPortal = 117601AE21262E1E004BDC73 /* Project object */;
			proxyType = 1;
			remoteGlobalIDString = 117601B521262E1E004BDC73;
			remoteInfo = Bitcoin;
		};
		117601E721262E77004BDC73 /* PBXContainerItemProxy */ = {
			isa = PBXContainerItemProxy;
			containerPortal = 117601DC21262E77004BDC73 /* Alamofire.xcodeproj */;
			proxyType = 2;
			remoteGlobalIDString = F8111E3319A95C8B0040E7D1;
			remoteInfo = "Alamofire iOS";
		};
		117601E921262E77004BDC73 /* PBXContainerItemProxy */ = {
			isa = PBXContainerItemProxy;
			containerPortal = 117601DC21262E77004BDC73 /* Alamofire.xcodeproj */;
			proxyType = 2;
			remoteGlobalIDString = F8111E3E19A95C8B0040E7D1;
			remoteInfo = "Alamofire iOS Tests";
		};
		117601EB21262E77004BDC73 /* PBXContainerItemProxy */ = {
			isa = PBXContainerItemProxy;
			containerPortal = 117601DC21262E77004BDC73 /* Alamofire.xcodeproj */;
			proxyType = 2;
			remoteGlobalIDString = 4DD67C0B1A5C55C900ED2280;
			remoteInfo = "Alamofire macOS";
		};
		117601ED21262E77004BDC73 /* PBXContainerItemProxy */ = {
			isa = PBXContainerItemProxy;
			containerPortal = 117601DC21262E77004BDC73 /* Alamofire.xcodeproj */;
			proxyType = 2;
			remoteGlobalIDString = F829C6B21A7A94F100A2CD59;
			remoteInfo = "Alamofire macOS Tests";
		};
		117601EF21262E77004BDC73 /* PBXContainerItemProxy */ = {
			isa = PBXContainerItemProxy;
			containerPortal = 117601DC21262E77004BDC73 /* Alamofire.xcodeproj */;
			proxyType = 2;
			remoteGlobalIDString = 4CF626EF1BA7CB3E0011A099;
			remoteInfo = "Alamofire tvOS";
		};
		117601F121262E77004BDC73 /* PBXContainerItemProxy */ = {
			isa = PBXContainerItemProxy;
			containerPortal = 117601DC21262E77004BDC73 /* Alamofire.xcodeproj */;
			proxyType = 2;
			remoteGlobalIDString = 4CF626F81BA7CB3E0011A099;
			remoteInfo = "Alamofire tvOS Tests";
		};
		117601F321262E77004BDC73 /* PBXContainerItemProxy */ = {
			isa = PBXContainerItemProxy;
			containerPortal = 117601DC21262E77004BDC73 /* Alamofire.xcodeproj */;
			proxyType = 2;
			remoteGlobalIDString = E4202FE01B667AA100C997FB;
			remoteInfo = "Alamofire watchOS";
		};
/* End PBXContainerItemProxy section */

/* Begin PBXFileReference section */
		117601B621262E1E004BDC73 /* Bitcoin.app */ = {isa = PBXFileReference; explicitFileType = wrapper.application; includeInIndex = 0; path = Bitcoin.app; sourceTree = BUILT_PRODUCTS_DIR; };
		117601B921262E1E004BDC73 /* AppDelegate.swift */ = {isa = PBXFileReference; lastKnownFileType = sourcecode.swift; path = AppDelegate.swift; sourceTree = "<group>"; };
		117601BB21262E1E004BDC73 /* ViewController.swift */ = {isa = PBXFileReference; lastKnownFileType = sourcecode.swift; path = ViewController.swift; sourceTree = "<group>"; };
		117601BE21262E1E004BDC73 /* Base */ = {isa = PBXFileReference; lastKnownFileType = file.storyboard; name = Base; path = Base.lproj/Main.storyboard; sourceTree = "<group>"; };
		117601C121262E1E004BDC73 /* Bitcoin.xcdatamodel */ = {isa = PBXFileReference; lastKnownFileType = wrapper.xcdatamodel; path = Bitcoin.xcdatamodel; sourceTree = "<group>"; };
		117601C321262E1F004BDC73 /* Assets.xcassets */ = {isa = PBXFileReference; lastKnownFileType = folder.assetcatalog; path = Assets.xcassets; sourceTree = "<group>"; };
		117601C621262E1F004BDC73 /* Base */ = {isa = PBXFileReference; lastKnownFileType = file.storyboard; name = Base; path = Base.lproj/LaunchScreen.storyboard; sourceTree = "<group>"; };
		117601C821262E1F004BDC73 /* Info.plist */ = {isa = PBXFileReference; lastKnownFileType = text.plist.xml; path = Info.plist; sourceTree = "<group>"; };
		117601CD21262E1F004BDC73 /* BitcoinTests.xctest */ = {isa = PBXFileReference; explicitFileType = wrapper.cfbundle; includeInIndex = 0; path = BitcoinTests.xctest; sourceTree = BUILT_PRODUCTS_DIR; };
		117601D121262E1F004BDC73 /* BitcoinTests.swift */ = {isa = PBXFileReference; lastKnownFileType = sourcecode.swift; path = BitcoinTests.swift; sourceTree = "<group>"; };
		117601D321262E1F004BDC73 /* Info.plist */ = {isa = PBXFileReference; lastKnownFileType = text.plist.xml; path = Info.plist; sourceTree = "<group>"; };
		117601DC21262E77004BDC73 /* Alamofire.xcodeproj */ = {isa = PBXFileReference; lastKnownFileType = "wrapper.pb-project"; name = Alamofire.xcodeproj; path = "../../../Downloads/Alamofire-master/Alamofire.xcodeproj"; sourceTree = "<group>"; };
		117601F7212635DE004BDC73 /* Constants.swift */ = {isa = PBXFileReference; lastKnownFileType = sourcecode.swift; path = Constants.swift; sourceTree = "<group>"; };
/* End PBXFileReference section */

/* Begin PBXFrameworksBuildPhase section */
		117601B321262E1E004BDC73 /* Frameworks */ = {
			isa = PBXFrameworksBuildPhase;
			buildActionMask = 2147483647;
			files = (
				117601F621262E87004BDC73 /* Alamofire.framework in Frameworks */,
			);
			runOnlyForDeploymentPostprocessing = 0;
		};
		117601CA21262E1F004BDC73 /* Frameworks */ = {
			isa = PBXFrameworksBuildPhase;
			buildActionMask = 2147483647;
			files = (
			);
			runOnlyForDeploymentPostprocessing = 0;
		};
/* End PBXFrameworksBuildPhase section */

/* Begin PBXGroup section */
		117601AD21262E1E004BDC73 = {
			isa = PBXGroup;
			children = (
				117601B821262E1E004BDC73 /* Bitcoin */,
				117601D021262E1F004BDC73 /* BitcoinTests */,
				117601B721262E1E004BDC73 /* Products */,
				117601F521262E87004BDC73 /* Frameworks */,
			);
			sourceTree = "<group>";
		};
		117601B721262E1E004BDC73 /* Products */ = {
			isa = PBXGroup;
			children = (
				117601B621262E1E004BDC73 /* Bitcoin.app */,
				117601CD21262E1F004BDC73 /* BitcoinTests.xctest */,
			);
			name = Products;
			sourceTree = "<group>";
		};
		117601B821262E1E004BDC73 /* Bitcoin */ = {
			isa = PBXGroup;
			children = (
				117601DC21262E77004BDC73 /* Alamofire.xcodeproj */,
				117601B921262E1E004BDC73 /* AppDelegate.swift */,
				117601BB21262E1E004BDC73 /* ViewController.swift */,
				117601BD21262E1E004BDC73 /* Main.storyboard */,
				117601C321262E1F004BDC73 /* Assets.xcassets */,
				117601C521262E1F004BDC73 /* LaunchScreen.storyboard */,
				117601C821262E1F004BDC73 /* Info.plist */,
				117601C021262E1E004BDC73 /* Bitcoin.xcdatamodeld */,
				117601F7212635DE004BDC73 /* Constants.swift */,
			);
			path = Bitcoin;
			sourceTree = "<group>";
		};
		117601D021262E1F004BDC73 /* BitcoinTests */ = {
			isa = PBXGroup;
			children = (
				117601D121262E1F004BDC73 /* BitcoinTests.swift */,
				117601D321262E1F004BDC73 /* Info.plist */,
			);
			path = BitcoinTests;
			sourceTree = "<group>";
		};
		117601DD21262E77004BDC73 /* Products */ = {
			isa = PBXGroup;
			children = (
				117601E821262E77004BDC73 /* Alamofire.framework */,
				117601EA21262E77004BDC73 /* Alamofire iOS Tests.xctest */,
				117601EC21262E77004BDC73 /* Alamofire.framework */,
				117601EE21262E77004BDC73 /* Alamofire macOS Tests.xctest */,
				117601F021262E77004BDC73 /* Alamofire.framework */,
				117601F221262E77004BDC73 /* Alamofire tvOS Tests.xctest */,
				117601F421262E77004BDC73 /* Alamofire.framework */,
			);
			name = Products;
			sourceTree = "<group>";
		};
		117601F521262E87004BDC73 /* Frameworks */ = {
			isa = PBXGroup;
			children = (
			);
			name = Frameworks;
			sourceTree = "<group>";
		};
/* End PBXGroup section */

/* Begin PBXNativeTarget section */
		117601B521262E1E004BDC73 /* Bitcoin */ = {
			isa = PBXNativeTarget;
			buildConfigurationList = 117601D621262E1F004BDC73 /* Build configuration list for PBXNativeTarget "Bitcoin" */;
			buildPhases = (
				117601B221262E1E004BDC73 /* Sources */,
				117601B321262E1E004BDC73 /* Frameworks */,
				117601B421262E1E004BDC73 /* Resources */,
			);
			buildRules = (
			);
			dependencies = (
			);
			name = Bitcoin;
			productName = Bitcoin;
			productReference = 117601B621262E1E004BDC73 /* Bitcoin.app */;
			productType = "com.apple.product-type.application";
		};
		117601CC21262E1F004BDC73 /* BitcoinTests */ = {
			isa = PBXNativeTarget;
			buildConfigurationList = 117601D921262E1F004BDC73 /* Build configuration list for PBXNativeTarget "BitcoinTests" */;
			buildPhases = (
				117601C921262E1F004BDC73 /* Sources */,
				117601CA21262E1F004BDC73 /* Frameworks */,
				117601CB21262E1F004BDC73 /* Resources */,
			);
			buildRules = (
			);
			dependencies = (
				117601CF21262E1F004BDC73 /* PBXTargetDependency */,
			);
			name = BitcoinTests;
			productName = BitcoinTests;
			productReference = 117601CD21262E1F004BDC73 /* BitcoinTests.xctest */;
			productType = "com.apple.product-type.bundle.unit-test";
		};
/* End PBXNativeTarget section */

/* Begin PBXProject section */
		117601AE21262E1E004BDC73 /* Project object */ = {
			isa = PBXProject;
			attributes = {
				LastSwiftUpdateCheck = 0940;
				LastUpgradeCheck = 0940;
				ORGANIZATIONNAME = "Ayman Zeine";
				TargetAttributes = {
					117601B521262E1E004BDC73 = {
						CreatedOnToolsVersion = 9.4.1;
					};
					117601CC21262E1F004BDC73 = {
						CreatedOnToolsVersion = 9.4.1;
						TestTargetID = 117601B521262E1E004BDC73;
					};
				};
			};
			buildConfigurationList = 117601B121262E1E004BDC73 /* Build configuration list for PBXProject "Bitcoin" */;
			compatibilityVersion = "Xcode 9.3";
			developmentRegion = en;
			hasScannedForEncodings = 0;
			knownRegions = (
				en,
				Base,
			);
			mainGroup = 117601AD21262E1E004BDC73;
			productRefGroup = 117601B721262E1E004BDC73 /* Products */;
			projectDirPath = "";
			projectReferences = (
				{
					ProductGroup = 117601DD21262E77004BDC73 /* Products */;
					ProjectRef = 117601DC21262E77004BDC73 /* Alamofire.xcodeproj */;
				},
			);
			projectRoot = "";
			targets = (
				117601B521262E1E004BDC73 /* Bitcoin */,
				117601CC21262E1F004BDC73 /* BitcoinTests */,
			);
		};
/* End PBXProject section */

/* Begin PBXReferenceProxy section */
		117601E821262E77004BDC73 /* Alamofire.framework */ = {
			isa = PBXReferenceProxy;
			fileType = wrapper.framework;
			path = Alamofire.framework;
			remoteRef = 117601E721262E77004BDC73 /* PBXContainerItemProxy */;
			sourceTree = BUILT_PRODUCTS_DIR;
		};
		117601EA21262E77004BDC73 /* Alamofire iOS Tests.xctest */ = {
			isa = PBXReferenceProxy;
			fileType = wrapper.cfbundle;
			path = "Alamofire iOS Tests.xctest";
			remoteRef = 117601E921262E77004BDC73 /* PBXContainerItemProxy */;
			sourceTree = BUILT_PRODUCTS_DIR;
		};
		117601EC21262E77004BDC73 /* Alamofire.framework */ = {
			isa = PBXReferenceProxy;
			fileType = wrapper.framework;
			path = Alamofire.framework;
			remoteRef = 117601EB21262E77004BDC73 /* PBXContainerItemProxy */;
			sourceTree = BUILT_PRODUCTS_DIR;
		};
		117601EE21262E77004BDC73 /* Alamofire macOS Tests.xctest */ = {
			isa = PBXReferenceProxy;
			fileType = wrapper.cfbundle;
			path = "Alamofire macOS Tests.xctest";
			remoteRef = 117601ED21262E77004BDC73 /* PBXContainerItemProxy */;
			sourceTree = BUILT_PRODUCTS_DIR;
		};
		117601F021262E77004BDC73 /* Alamofire.framework */ = {
			isa = PBXReferenceProxy;
			fileType = wrapper.framework;
			path = Alamofire.framework;
			remoteRef = 117601EF21262E77004BDC73 /* PBXContainerItemProxy */;
			sourceTree = BUILT_PRODUCTS_DIR;
		};
		117601F221262E77004BDC73 /* Alamofire tvOS Tests.xctest */ = {
			isa = PBXReferenceProxy;
			fileType = wrapper.cfbundle;
			path = "Alamofire tvOS Tests.xctest";
			remoteRef = 117601F121262E77004BDC73 /* PBXContainerItemProxy */;
			sourceTree = BUILT_PRODUCTS_DIR;
		};
		117601F421262E77004BDC73 /* Alamofire.framework */ = {
			isa = PBXReferenceProxy;
			fileType = wrapper.framework;
			path = Alamofire.framework;
			remoteRef = 117601F321262E77004BDC73 /* PBXContainerItemProxy */;
			sourceTree = BUILT_PRODUCTS_DIR;
		};
/* End PBXReferenceProxy section */

/* Begin PBXResourcesBuildPhase section */
		117601B421262E1E004BDC73 /* Resources */ = {
			isa = PBXResourcesBuildPhase;
			buildActionMask = 2147483647;
			files = (
				117601C721262E1F004BDC73 /* LaunchScreen.storyboard in Resources */,
				117601C421262E1F004BDC73 /* Assets.xcassets in Resources */,
				117601BF21262E1E004BDC73 /* Main.storyboard in Resources */,
			);
			runOnlyForDeploymentPostprocessing = 0;
		};
		117601CB21262E1F004BDC73 /* Resources */ = {
			isa = PBXResourcesBuildPhase;
			buildActionMask = 2147483647;
			files = (
			);
			runOnlyForDeploymentPostprocessing = 0;
		};
/* End PBXResourcesBuildPhase section */

/* Begin PBXSourcesBuildPhase section */
		117601B221262E1E004BDC73 /* Sources */ = {
			isa = PBXSourcesBuildPhase;
			buildActionMask = 2147483647;
			files = (
				117601C221262E1E004BDC73 /* Bitcoin.xcdatamodeld in Sources */,
				117601BC21262E1E004BDC73 /* ViewController.swift in Sources */,
				117601BA21262E1E004BDC73 /* AppDelegate.swift in Sources */,
				117601F8212635DE004BDC73 /* Constants.swift in Sources */,
			);
			runOnlyForDeploymentPostprocessing = 0;
		};
		117601C921262E1F004BDC73 /* Sources */ = {
			isa = PBXSourcesBuildPhase;
			buildActionMask = 2147483647;
			files = (
				117601D221262E1F004BDC73 /* BitcoinTests.swift in Sources */,
			);
			runOnlyForDeploymentPostprocessing = 0;
		};
/* End PBXSourcesBuildPhase section */

/* Begin PBXTargetDependency section */
		117601CF21262E1F004BDC73 /* PBXTargetDependency */ = {
			isa = PBXTargetDependency;
			target = 117601B521262E1E004BDC73 /* Bitcoin */;
			targetProxy = 117601CE21262E1F004BDC73 /* PBXContainerItemProxy */;
		};
/* End PBXTargetDependency section */

/* Begin PBXVariantGroup section */
		117601BD21262E1E004BDC73 /* Main.storyboard */ = {
			isa = PBXVariantGroup;
			children = (
				117601BE21262E1E004BDC73 /* Base */,
			);
			name = Main.storyboard;
			sourceTree = "<group>";
		};
		117601C521262E1F004BDC73 /* LaunchScreen.storyboard */ = {
			isa = PBXVariantGroup;
			children = (
				117601C621262E1F004BDC73 /* Base */,
			);
			name = LaunchScreen.storyboard;
			sourceTree = "<group>";
		};
/* End PBXVariantGroup section */

/* Begin XCBuildConfiguration section */
		117601D421262E1F004BDC73 /* Debug */ = {
			isa = XCBuildConfiguration;
			buildSettings = {
				ALWAYS_SEARCH_USER_PATHS = NO;
				CLANG_ANALYZER_NONNULL = YES;
				CLANG_ANALYZER_NUMBER_OBJECT_CONVERSION = YES_AGGRESSIVE;
				CLANG_CXX_LANGUAGE_STANDARD = "gnu++14";
				CLANG_CXX_LIBRARY = "libc++";
				CLANG_ENABLE_MODULES = YES;
				CLANG_ENABLE_OBJC_ARC = YES;
				CLANG_ENABLE_OBJC_WEAK = YES;
				CLANG_WARN_BLOCK_CAPTURE_AUTORELEASING = YES;
				CLANG_WARN_BOOL_CONVERSION = YES;
				CLANG_WARN_COMMA = YES;
				CLANG_WARN_CONSTANT_CONVERSION = YES;
				CLANG_WARN_DEPRECATED_OBJC_IMPLEMENTATIONS = YES;
				CLANG_WARN_DIRECT_OBJC_ISA_USAGE = YES_ERROR;
				CLANG_WARN_DOCUMENTATION_COMMENTS = YES;
				CLANG_WARN_EMPTY_BODY = YES;
				CLANG_WARN_ENUM_CONVERSION = YES;
				CLANG_WARN_INFINITE_RECURSION = YES;
				CLANG_WARN_INT_CONVERSION = YES;
				CLANG_WARN_NON_LITERAL_NULL_CONVERSION = YES;
				CLANG_WARN_OBJC_IMPLICIT_RETAIN_SELF = YES;
				CLANG_WARN_OBJC_LITERAL_CONVERSION = YES;
				CLANG_WARN_OBJC_ROOT_CLASS = YES_ERROR;
				CLANG_WARN_RANGE_LOOP_ANALYSIS = YES;
				CLANG_WARN_STRICT_PROTOTYPES = YES;
				CLANG_WARN_SUSPICIOUS_MOVE = YES;
				CLANG_WARN_UNGUARDED_AVAILABILITY = YES_AGGRESSIVE;
				CLANG_WARN_UNREACHABLE_CODE = YES;
				CLANG_WARN__DUPLICATE_METHOD_MATCH = YES;
				CODE_SIGN_IDENTITY = "iPhone Developer";
				COPY_PHASE_STRIP = NO;
				DEBUG_INFORMATION_FORMAT = dwarf;
				ENABLE_STRICT_OBJC_MSGSEND = YES;
				ENABLE_TESTABILITY = YES;
				GCC_C_LANGUAGE_STANDARD = gnu11;
				GCC_DYNAMIC_NO_PIC = NO;
				GCC_NO_COMMON_BLOCKS = YES;
				GCC_OPTIMIZATION_LEVEL = 0;
				GCC_PREPROCESSOR_DEFINITIONS = (
					"DEBUG=1",
					"$(inherited)",
				);
				GCC_WARN_64_TO_32_BIT_CONVERSION = YES;
				GCC_WARN_ABOUT_RETURN_TYPE = YES_ERROR;
				GCC_WARN_UNDECLARED_SELECTOR = YES;
				GCC_WARN_UNINITIALIZED_AUTOS = YES_AGGRESSIVE;
				GCC_WARN_UNUSED_FUNCTION = YES;
				GCC_WARN_UNUSED_VARIABLE = YES;
				IPHONEOS_DEPLOYMENT_TARGET = 11.4;
				MTL_ENABLE_DEBUG_INFO = YES;
				ONLY_ACTIVE_ARCH = YES;
				SDKROOT = iphoneos;
				SWIFT_ACTIVE_COMPILATION_CONDITIONS = DEBUG;
				SWIFT_OPTIMIZATION_LEVEL = "-Onone";
			};
			name = Debug;
		};
		117601D521262E1F004BDC73 /* Release */ = {
			isa = XCBuildConfiguration;
			buildSettings = {
				ALWAYS_SEARCH_USER_PATHS = NO;
				CLANG_ANALYZER_NONNULL = YES;
				CLANG_ANALYZER_NUMBER_OBJECT_CONVERSION = YES_AGGRESSIVE;
				CLANG_CXX_LANGUAGE_STANDARD = "gnu++14";
				CLANG_CXX_LIBRARY = "libc++";
				CLANG_ENABLE_MODULES = YES;
				CLANG_ENABLE_OBJC_ARC = YES;
				CLANG_ENABLE_OBJC_WEAK = YES;
				CLANG_WARN_BLOCK_CAPTURE_AUTORELEASING = YES;
				CLANG_WARN_BOOL_CONVERSION = YES;
				CLANG_WARN_COMMA = YES;
				CLANG_WARN_CONSTANT_CONVERSION = YES;
				CLANG_WARN_DEPRECATED_OBJC_IMPLEMENTATIONS = YES;
				CLANG_WARN_DIRECT_OBJC_ISA_USAGE = YES_ERROR;
				CLANG_WARN_DOCUMENTATION_COMMENTS = YES;
				CLANG_WARN_EMPTY_BODY = YES;
				CLANG_WARN_ENUM_CONVERSION = YES;
				CLANG_WARN_INFINITE_RECURSION = YES;
				CLANG_WARN_INT_CONVERSION = YES;
				CLANG_WARN_NON_LITERAL_NULL_CONVERSION = YES;
				CLANG_WARN_OBJC_IMPLICIT_RETAIN_SELF = YES;
				CLANG_WARN_OBJC_LITERAL_CONVERSION = YES;
				CLANG_WARN_OBJC_ROOT_CLASS = YES_ERROR;
				CLANG_WARN_RANGE_LOOP_ANALYSIS = YES;
				CLANG_WARN_STRICT_PROTOTYPES = YES;
				CLANG_WARN_SUSPICIOUS_MOVE = YES;
				CLANG_WARN_UNGUARDED_AVAILABILITY = YES_AGGRESSIVE;
				CLANG_WARN_UNREACHABLE_CODE = YES;
				CLANG_WARN__DUPLICATE_METHOD_MATCH = YES;
				CODE_SIGN_IDENTITY = "iPhone Developer";
				COPY_PHASE_STRIP = NO;
				DEBUG_INFORMATION_FORMAT = "dwarf-with-dsym";
				ENABLE_NS_ASSERTIONS = NO;
				ENABLE_STRICT_OBJC_MSGSEND = YES;
				GCC_C_LANGUAGE_STANDARD = gnu11;
				GCC_NO_COMMON_BLOCKS = YES;
				GCC_WARN_64_TO_32_BIT_CONVERSION = YES;
				GCC_WARN_ABOUT_RETURN_TYPE = YES_ERROR;
				GCC_WARN_UNDECLARED_SELECTOR = YES;
				GCC_WARN_UNINITIALIZED_AUTOS = YES_AGGRESSIVE;
				GCC_WARN_UNUSED_FUNCTION = YES;
				GCC_WARN_UNUSED_VARIABLE = YES;
				IPHONEOS_DEPLOYMENT_TARGET = 11.4;
				MTL_ENABLE_DEBUG_INFO = NO;
				SDKROOT = iphoneos;
				SWIFT_COMPILATION_MODE = wholemodule;
				SWIFT_OPTIMIZATION_LEVEL = "-O";
				VALIDATE_PRODUCT = YES;
			};
			name = Release;
		};
		117601D721262E1F004BDC73 /* Debug */ = {
			isa = XCBuildConfiguration;
			buildSettings = {
				ASSETCATALOG_COMPILER_APPICON_NAME = AppIcon;
				CODE_SIGN_STYLE = Automatic;
				DEVELOPMENT_TEAM = 5LNRDHDBM2;
				INFOPLIST_FILE = Bitcoin/Info.plist;
				LD_RUNPATH_SEARCH_PATHS = (
					"$(inherited)",
					"@executable_path/Frameworks",
				);
				PRODUCT_BUNDLE_IDENTIFIER = ahz.Bitcoin;
				PRODUCT_NAME = "$(TARGET_NAME)";
				SWIFT_VERSION = 4.0;
				TARGETED_DEVICE_FAMILY = "1,2";
			};
			name = Debug;
		};
		117601D821262E1F004BDC73 /* Release */ = {
			isa = XCBuildConfiguration;
			buildSettings = {
				ASSETCATALOG_COMPILER_APPICON_NAME = AppIcon;
				CODE_SIGN_STYLE = Automatic;
				DEVELOPMENT_TEAM = 5LNRDHDBM2;
				INFOPLIST_FILE = Bitcoin/Info.plist;
				LD_RUNPATH_SEARCH_PATHS = (
					"$(inherited)",
					"@executable_path/Frameworks",
				);
				PRODUCT_BUNDLE_IDENTIFIER = ahz.Bitcoin;
				PRODUCT_NAME = "$(TARGET_NAME)";
				SWIFT_VERSION = 4.0;
				TARGETED_DEVICE_FAMILY = "1,2";
			};
			name = Release;
		};
		117601DA21262E1F004BDC73 /* Debug */ = {
			isa = XCBuildConfiguration;
			buildSettings = {
				ALWAYS_EMBED_SWIFT_STANDARD_LIBRARIES = YES;
				BUNDLE_LOADER = "$(TEST_HOST)";
				CODE_SIGN_STYLE = Automatic;
				DEVELOPMENT_TEAM = 5LNRDHDBM2;
				INFOPLIST_FILE = BitcoinTests/Info.plist;
				LD_RUNPATH_SEARCH_PATHS = (
					"$(inherited)",
					"@executable_path/Frameworks",
					"@loader_path/Frameworks",
				);
				PRODUCT_BUNDLE_IDENTIFIER = ahz.BitcoinTests;
				PRODUCT_NAME = "$(TARGET_NAME)";
				SWIFT_VERSION = 4.0;
				TARGETED_DEVICE_FAMILY = "1,2";
				TEST_HOST = "$(BUILT_PRODUCTS_DIR)/Bitcoin.app/Bitcoin";
			};
			name = Debug;
		};
		117601DB21262E1F004BDC73 /* Release */ = {
			isa = XCBuildConfiguration;
			buildSettings = {
				ALWAYS_EMBED_SWIFT_STANDARD_LIBRARIES = YES;
				BUNDLE_LOADER = "$(TEST_HOST)";
				CODE_SIGN_STYLE = Automatic;
				DEVELOPMENT_TEAM = 5LNRDHDBM2;
				INFOPLIST_FILE = BitcoinTests/Info.plist;
				LD_RUNPATH_SEARCH_PATHS = (
					"$(inherited)",
					"@executable_path/Frameworks",
					"@loader_path/Frameworks",
				);
				PRODUCT_BUNDLE_IDENTIFIER = ahz.BitcoinTests;
				PRODUCT_NAME = "$(TARGET_NAME)";
				SWIFT_VERSION = 4.0;
				TARGETED_DEVICE_FAMILY = "1,2";
				TEST_HOST = "$(BUILT_PRODUCTS_DIR)/Bitcoin.app/Bitcoin";
			};
			name = Release;
		};
/* End XCBuildConfiguration section */

/* Begin XCConfigurationList section */
		117601B121262E1E004BDC73 /* Build configuration list for PBXProject "Bitcoin" */ = {
			isa = XCConfigurationList;
			buildConfigurations = (
				117601D421262E1F004BDC73 /* Debug */,
				117601D521262E1F004BDC73 /* Release */,
			);
			defaultConfigurationIsVisible = 0;
			defaultConfigurationName = Release;
		};
		117601D621262E1F004BDC73 /* Build configuration list for PBXNativeTarget "Bitcoin" */ = {
			isa = XCConfigurationList;
			buildConfigurations = (
				117601D721262E1F004BDC73 /* Debug */,
				117601D821262E1F004BDC73 /* Release */,
			);
			defaultConfigurationIsVisible = 0;
			defaultConfigurationName = Release;
		};
		117601D921262E1F004BDC73 /* Build configuration list for PBXNativeTarget "BitcoinTests" */ = {
			isa = XCConfigurationList;
			buildConfigurations = (
				117601DA21262E1F004BDC73 /* Debug */,
				117601DB21262E1F004BDC73 /* Release */,
			);
			defaultConfigurationIsVisible = 0;
			defaultConfigurationName = Release;
		};
/* End XCConfigurationList section */

/* Begin XCVersionGroup section */
		117601C021262E1E004BDC73 /* Bitcoin.xcdatamodeld */ = {
			isa = XCVersionGroup;
			children = (
				117601C121262E1E004BDC73 /* Bitcoin.xcdatamodel */,
			);
			currentVersion = 117601C121262E1E004BDC73 /* Bitcoin.xcdatamodel */;
			path = Bitcoin.xcdatamodeld;
			sourceTree = "<group>";
			versionGroupType = wrapper.xcdatamodel;
		};
/* End XCVersionGroup section */
	};
	rootObject = 117601AE21262E1E004BDC73 /* Project object */;
}
